
Microsoft Visual Studio Solution File, Format Version 12.00
# Visual Studio Version 16
VisualStudioVersion = 16.0.30011.22
MinimumVisualStudioVersion = 10.0.40219.1
Project("{FAE04EC0-301F-11D3-BF4B-00C04F79EFBC}") = "DataExch", "DataExch\DataExch.csproj", "{AF630CD6-6784-468E-B4EE-3DCACF84D75D}"
EndProject
Global
	GlobalSection(SolutionConfigurationPlatforms) = preSolution
		Debug|Any CPU = Debug|Any CPU
		Release|Any CPU = Release|Any CPU
	EndGlobalSection
	GlobalSection(ProjectConfigurationPlatforms) = postSolution
		{AF630CD6-6784-468E-B4EE-3DCACF84D75D}.Debug|Any CPU.ActiveCfg = Debug|Any CPU
		{AF630CD6-6784-468E-B4EE-3DCACF84D75D}.Debug|Any CPU.Build.0 = Debug|Any CPU
		{AF630CD6-6784-468E-B4EE-3DCACF84D75D}.Release|Any CPU.ActiveCfg = Release|Any CPU
		{AF630CD6-6784-468E-B4EE-3DCACF84D75D}.Release|Any CPU.Build.0 = Release|Any CPU
	EndGlobalSection
	GlobalSection(SolutionProperties) = preSolution
		HideSolutionNode = FALSE
	EndGlobalSection
	GlobalSection(ExtensibilityGlobals) = postSolution
		SolutionGuid = {00184367-7B63-4C2F-AB52-BF470A3682BC}
	EndGlobalSection
EndGlobal
